// !$*UTF8*$!
{
	archiveVersion = 1;
	classes = {
	};
	objectVersion = 55;
	objects = {

/* Begin PBXBuildFile section */
		DF1F9C8627E4BE1500C46E98 /* SwiftUI_CombineApp.swift in Sources */ = {isa = PBXBuildFile; fileRef = DF1F9C8527E4BE1500C46E98 /* SwiftUI_CombineApp.swift */; };
		DF1F9C8827E4BE1500C46E98 /* ContentView.swift in Sources */ = {isa = PBXBuildFile; fileRef = DF1F9C8727E4BE1500C46E98 /* ContentView.swift */; };
		DF1F9C8A27E4BE1A00C46E98 /* Assets.xcassets in Resources */ = {isa = PBXBuildFile; fileRef = DF1F9C8927E4BE1A00C46E98 /* Assets.xcassets */; };
		DF1F9C8D27E4BE1A00C46E98 /* Preview Assets.xcassets in Resources */ = {isa = PBXBuildFile; fileRef = DF1F9C8C27E4BE1A00C46E98 /* Preview Assets.xcassets */; };
		DF1F9C9727E4BE1A00C46E98 /* SwiftUI_CombineTests.swift in Sources */ = {isa = PBXBuildFile; fileRef = DF1F9C9627E4BE1A00C46E98 /* SwiftUI_CombineTests.swift */; };
		DF1F9CA127E4BE1A00C46E98 /* SwiftUI_CombineUITests.swift in Sources */ = {isa = PBXBuildFile; fileRef = DF1F9CA027E4BE1A00C46E98 /* SwiftUI_CombineUITests.swift */; };
		DF1F9CA327E4BE1A00C46E98 /* SwiftUI_CombineUITestsLaunchTests.swift in Sources */ = {isa = PBXBuildFile; fileRef = DF1F9CA227E4BE1A00C46E98 /* SwiftUI_CombineUITestsLaunchTests.swift */; };
		DF1F9CBB27E4BE9200C46E98 /* APIService.swift in Sources */ = {isa = PBXBuildFile; fileRef = DF1F9CB027E4BE9200C46E98 /* APIService.swift */; };
		DF1F9CBC27E4BE9200C46E98 /* TechStackService.swift in Sources */ = {isa = PBXBuildFile; fileRef = DF1F9CB127E4BE9200C46E98 /* TechStackService.swift */; };
		DF1F9CBD27E4BE9200C46E98 /* NetworkReachability.swift in Sources */ = {isa = PBXBuildFile; fileRef = DF1F9CB227E4BE9200C46E98 /* NetworkReachability.swift */; };
		DF1F9CC027E4BE9200C46E98 /* CodableMapper.swift in Sources */ = {isa = PBXBuildFile; fileRef = DF1F9CB527E4BE9200C46E98 /* CodableMapper.swift */; };
		DF1F9CC127E4BE9200C46E98 /* EndPoint.swift in Sources */ = {isa = PBXBuildFile; fileRef = DF1F9CB627E4BE9200C46E98 /* EndPoint.swift */; };
		DF1F9CC227E4BE9200C46E98 /* XMLMapper.swift in Sources */ = {isa = PBXBuildFile; fileRef = DF1F9CB727E4BE9200C46E98 /* XMLMapper.swift */; };
		DF1F9CC327E4BE9200C46E98 /* BaseURLType.swift in Sources */ = {isa = PBXBuildFile; fileRef = DF1F9CB827E4BE9200C46E98 /* BaseURLType.swift */; };
		DF1F9CC427E4BE9200C46E98 /* URN.swift in Sources */ = {isa = PBXBuildFile; fileRef = DF1F9CB927E4BE9200C46E98 /* URN.swift */; };
		DF1F9CC527E4BE9200C46E98 /* APIConstant.swift in Sources */ = {isa = PBXBuildFile; fileRef = DF1F9CBA27E4BE9200C46E98 /* APIConstant.swift */; };
		DF1F9CC827E4C0BC00C46E98 /* Configuration.swift in Sources */ = {isa = PBXBuildFile; fileRef = DF1F9CC727E4C0BC00C46E98 /* Configuration.swift */; };
		DF1F9CCA27E4C34E00C46E98 /* TechStackError.swift in Sources */ = {isa = PBXBuildFile; fileRef = DF1F9CC927E4C34E00C46E98 /* TechStackError.swift */; };
		DF1F9CCD27E4C48900C46E98 /* String+Extension.swift in Sources */ = {isa = PBXBuildFile; fileRef = DF1F9CCC27E4C48900C46E98 /* String+Extension.swift */; };
		DF1F9CCF27E4C59200C46E98 /* Error+Extension.swift in Sources */ = {isa = PBXBuildFile; fileRef = DF1F9CCE27E4C59200C46E98 /* Error+Extension.swift */; };
		DF4D558627F17FE700E5B3E1 /* AsyncImage.swift in Sources */ = {isa = PBXBuildFile; fileRef = DF4D558527F17FE700E5B3E1 /* AsyncImage.swift */; };
		DF8BEF7A27E996C100AF878F /* BreedFetcher.swift in Sources */ = {isa = PBXBuildFile; fileRef = DF8BEF7927E996C100AF878F /* BreedFetcher.swift */; };
		DF8BEF7C27E997C100AF878F /* Breed.swift in Sources */ = {isa = PBXBuildFile; fileRef = DF8BEF7B27E997C100AF878F /* Breed.swift */; };
		DF8BEF7E27E99D0600AF878F /* BreedImage.swift in Sources */ = {isa = PBXBuildFile; fileRef = DF8BEF7D27E99D0600AF878F /* BreedImage.swift */; };
		DF8BEF8627E9A57700AF878F /* TechStackErrorView.swift in Sources */ = {isa = PBXBuildFile; fileRef = DF8BEF8527E9A57700AF878F /* TechStackErrorView.swift */; };
		DF8BEF8827E9A58F00AF878F /* TechStackLoadingView.swift in Sources */ = {isa = PBXBuildFile; fileRef = DF8BEF8727E9A58F00AF878F /* TechStackLoadingView.swift */; };
		DF8BEF8A27E9A5AB00AF878F /* BreedScreenView.swift in Sources */ = {isa = PBXBuildFile; fileRef = DF8BEF8927E9A5AB00AF878F /* BreedScreenView.swift */; };
		DF8BEF8C27E9A6EA00AF878F /* BreedListView.swift in Sources */ = {isa = PBXBuildFile; fileRef = DF8BEF8B27E9A6EA00AF878F /* BreedListView.swift */; };
		DF8BEF8F27E9CBB700AF878F /* BreedView.swift in Sources */ = {isa = PBXBuildFile; fileRef = DF8BEF8E27E9CBB700AF878F /* BreedView.swift */; };
		DF8BEF9127E9D98100AF878F /* BreedDetailView.swift in Sources */ = {isa = PBXBuildFile; fileRef = DF8BEF9027E9D98100AF878F /* BreedDetailView.swift */; };
		DF8BEF9527E9F44E00AF878F /* ImageLoader.swift in Sources */ = {isa = PBXBuildFile; fileRef = DF8BEF9427E9F44E00AF878F /* ImageLoader.swift */; };
		DFAF258527F18F40002B0EF2 /* ImageCache.swift in Sources */ = {isa = PBXBuildFile; fileRef = DFAF258427F18F40002B0EF2 /* ImageCache.swift */; };
/* End PBXBuildFile section */

/* Begin PBXContainerItemProxy section */
		DF1F9C9327E4BE1A00C46E98 /* PBXContainerItemProxy */ = {
			isa = PBXContainerItemProxy;
			containerPortal = DF1F9C7A27E4BE1500C46E98 /* Project object */;
			proxyType = 1;
			remoteGlobalIDString = DF1F9C8127E4BE1500C46E98;
			remoteInfo = "SwiftUI+Combine";
		};
		DF1F9C9D27E4BE1A00C46E98 /* PBXContainerItemProxy */ = {
			isa = PBXContainerItemProxy;
			containerPortal = DF1F9C7A27E4BE1500C46E98 /* Project object */;
			proxyType = 1;
			remoteGlobalIDString = DF1F9C8127E4BE1500C46E98;
			remoteInfo = "SwiftUI+Combine";
		};
/* End PBXContainerItemProxy section */

/* Begin PBXFileReference section */
		DF1F9C8227E4BE1500C46E98 /* SwiftUI+Combine.app */ = {isa = PBXFileReference; explicitFileType = wrapper.application; includeInIndex = 0; path = "SwiftUI+Combine.app"; sourceTree = BUILT_PRODUCTS_DIR; };
		DF1F9C8527E4BE1500C46E98 /* SwiftUI_CombineApp.swift */ = {isa = PBXFileReference; lastKnownFileType = sourcecode.swift; path = SwiftUI_CombineApp.swift; sourceTree = "<group>"; };
		DF1F9C8727E4BE1500C46E98 /* ContentView.swift */ = {isa = PBXFileReference; lastKnownFileType = sourcecode.swift; path = ContentView.swift; sourceTree = "<group>"; };
		DF1F9C8927E4BE1A00C46E98 /* Assets.xcassets */ = {isa = PBXFileReference; lastKnownFileType = folder.assetcatalog; path = Assets.xcassets; sourceTree = "<group>"; };
		DF1F9C8C27E4BE1A00C46E98 /* Preview Assets.xcassets */ = {isa = PBXFileReference; lastKnownFileType = folder.assetcatalog; path = "Preview Assets.xcassets"; sourceTree = "<group>"; };
		DF1F9C9227E4BE1A00C46E98 /* SwiftUI+CombineTests.xctest */ = {isa = PBXFileReference; explicitFileType = wrapper.cfbundle; includeInIndex = 0; path = "SwiftUI+CombineTests.xctest"; sourceTree = BUILT_PRODUCTS_DIR; };
		DF1F9C9627E4BE1A00C46E98 /* SwiftUI_CombineTests.swift */ = {isa = PBXFileReference; lastKnownFileType = sourcecode.swift; path = SwiftUI_CombineTests.swift; sourceTree = "<group>"; };
		DF1F9C9C27E4BE1A00C46E98 /* SwiftUI+CombineUITests.xctest */ = {isa = PBXFileReference; explicitFileType = wrapper.cfbundle; includeInIndex = 0; path = "SwiftUI+CombineUITests.xctest"; sourceTree = BUILT_PRODUCTS_DIR; };
		DF1F9CA027E4BE1A00C46E98 /* SwiftUI_CombineUITests.swift */ = {isa = PBXFileReference; lastKnownFileType = sourcecode.swift; path = SwiftUI_CombineUITests.swift; sourceTree = "<group>"; };
		DF1F9CA227E4BE1A00C46E98 /* SwiftUI_CombineUITestsLaunchTests.swift */ = {isa = PBXFileReference; lastKnownFileType = sourcecode.swift; path = SwiftUI_CombineUITestsLaunchTests.swift; sourceTree = "<group>"; };
		DF1F9CB027E4BE9200C46E98 /* APIService.swift */ = {isa = PBXFileReference; fileEncoding = 4; lastKnownFileType = sourcecode.swift; path = APIService.swift; sourceTree = "<group>"; };
		DF1F9CB127E4BE9200C46E98 /* TechStackService.swift */ = {isa = PBXFileReference; fileEncoding = 4; lastKnownFileType = sourcecode.swift; path = TechStackService.swift; sourceTree = "<group>"; };
		DF1F9CB227E4BE9200C46E98 /* NetworkReachability.swift */ = {isa = PBXFileReference; fileEncoding = 4; lastKnownFileType = sourcecode.swift; path = NetworkReachability.swift; sourceTree = "<group>"; };
		DF1F9CB527E4BE9200C46E98 /* CodableMapper.swift */ = {isa = PBXFileReference; fileEncoding = 4; lastKnownFileType = sourcecode.swift; path = CodableMapper.swift; sourceTree = "<group>"; };
		DF1F9CB627E4BE9200C46E98 /* EndPoint.swift */ = {isa = PBXFileReference; fileEncoding = 4; lastKnownFileType = sourcecode.swift; path = EndPoint.swift; sourceTree = "<group>"; };
		DF1F9CB727E4BE9200C46E98 /* XMLMapper.swift */ = {isa = PBXFileReference; fileEncoding = 4; lastKnownFileType = sourcecode.swift; path = XMLMapper.swift; sourceTree = "<group>"; };
		DF1F9CB827E4BE9200C46E98 /* BaseURLType.swift */ = {isa = PBXFileReference; fileEncoding = 4; lastKnownFileType = sourcecode.swift; path = BaseURLType.swift; sourceTree = "<group>"; };
		DF1F9CB927E4BE9200C46E98 /* URN.swift */ = {isa = PBXFileReference; fileEncoding = 4; lastKnownFileType = sourcecode.swift; path = URN.swift; sourceTree = "<group>"; };
		DF1F9CBA27E4BE9200C46E98 /* APIConstant.swift */ = {isa = PBXFileReference; fileEncoding = 4; lastKnownFileType = sourcecode.swift; path = APIConstant.swift; sourceTree = "<group>"; };
		DF1F9CC727E4C0BC00C46E98 /* Configuration.swift */ = {isa = PBXFileReference; fileEncoding = 4; lastKnownFileType = sourcecode.swift; path = Configuration.swift; sourceTree = "<group>"; };
		DF1F9CC927E4C34E00C46E98 /* TechStackError.swift */ = {isa = PBXFileReference; lastKnownFileType = sourcecode.swift; path = TechStackError.swift; sourceTree = "<group>"; };
		DF1F9CCC27E4C48900C46E98 /* String+Extension.swift */ = {isa = PBXFileReference; lastKnownFileType = sourcecode.swift; path = "String+Extension.swift"; sourceTree = "<group>"; };
		DF1F9CCE27E4C59200C46E98 /* Error+Extension.swift */ = {isa = PBXFileReference; lastKnownFileType = sourcecode.swift; path = "Error+Extension.swift"; sourceTree = "<group>"; };
		DF4D558527F17FE700E5B3E1 /* AsyncImage.swift */ = {isa = PBXFileReference; lastKnownFileType = sourcecode.swift; path = AsyncImage.swift; sourceTree = "<group>"; };
		DF8BEF7927E996C100AF878F /* BreedFetcher.swift */ = {isa = PBXFileReference; lastKnownFileType = sourcecode.swift; path = BreedFetcher.swift; sourceTree = "<group>"; };
		DF8BEF7B27E997C100AF878F /* Breed.swift */ = {isa = PBXFileReference; lastKnownFileType = sourcecode.swift; path = Breed.swift; sourceTree = "<group>"; };
		DF8BEF7D27E99D0600AF878F /* BreedImage.swift */ = {isa = PBXFileReference; lastKnownFileType = sourcecode.swift; path = BreedImage.swift; sourceTree = "<group>"; };
		DF8BEF8527E9A57700AF878F /* TechStackErrorView.swift */ = {isa = PBXFileReference; lastKnownFileType = sourcecode.swift; path = TechStackErrorView.swift; sourceTree = "<group>"; };
		DF8BEF8727E9A58F00AF878F /* TechStackLoadingView.swift */ = {isa = PBXFileReference; lastKnownFileType = sourcecode.swift; path = TechStackLoadingView.swift; sourceTree = "<group>"; };
		DF8BEF8927E9A5AB00AF878F /* BreedScreenView.swift */ = {isa = PBXFileReference; lastKnownFileType = sourcecode.swift; path = BreedScreenView.swift; sourceTree = "<group>"; };
		DF8BEF8B27E9A6EA00AF878F /* BreedListView.swift */ = {isa = PBXFileReference; lastKnownFileType = sourcecode.swift; path = BreedListView.swift; sourceTree = "<group>"; };
		DF8BEF8E27E9CBB700AF878F /* BreedView.swift */ = {isa = PBXFileReference; lastKnownFileType = sourcecode.swift; path = BreedView.swift; sourceTree = "<group>"; };
		DF8BEF9027E9D98100AF878F /* BreedDetailView.swift */ = {isa = PBXFileReference; lastKnownFileType = sourcecode.swift; path = BreedDetailView.swift; sourceTree = "<group>"; };
		DF8BEF9427E9F44E00AF878F /* ImageLoader.swift */ = {isa = PBXFileReference; lastKnownFileType = sourcecode.swift; path = ImageLoader.swift; sourceTree = "<group>"; };
		DFAF258427F18F40002B0EF2 /* ImageCache.swift */ = {isa = PBXFileReference; lastKnownFileType = sourcecode.swift; path = ImageCache.swift; sourceTree = "<group>"; };
/* End PBXFileReference section */

/* Begin PBXFrameworksBuildPhase section */
		DF1F9C7F27E4BE1500C46E98 /* Frameworks */ = {
			isa = PBXFrameworksBuildPhase;
			buildActionMask = 2147483647;
			files = (
			);
			runOnlyForDeploymentPostprocessing = 0;
		};
		DF1F9C8F27E4BE1A00C46E98 /* Frameworks */ = {
			isa = PBXFrameworksBuildPhase;
			buildActionMask = 2147483647;
			files = (
			);
			runOnlyForDeploymentPostprocessing = 0;
		};
		DF1F9C9927E4BE1A00C46E98 /* Frameworks */ = {
			isa = PBXFrameworksBuildPhase;
			buildActionMask = 2147483647;
			files = (
			);
			runOnlyForDeploymentPostprocessing = 0;
		};
/* End PBXFrameworksBuildPhase section */

/* Begin PBXGroup section */
		DF1F9C7927E4BE1500C46E98 = {
			isa = PBXGroup;
			children = (
				DF1F9C8427E4BE1500C46E98 /* SwiftUI+Combine */,
				DF1F9C9527E4BE1A00C46E98 /* SwiftUI+CombineTests */,
				DF1F9C9F27E4BE1A00C46E98 /* SwiftUI+CombineUITests */,
				DF1F9C8327E4BE1500C46E98 /* Products */,
			);
			sourceTree = "<group>";
		};
		DF1F9C8327E4BE1500C46E98 /* Products */ = {
			isa = PBXGroup;
			children = (
				DF1F9C8227E4BE1500C46E98 /* SwiftUI+Combine.app */,
				DF1F9C9227E4BE1A00C46E98 /* SwiftUI+CombineTests.xctest */,
				DF1F9C9C27E4BE1A00C46E98 /* SwiftUI+CombineUITests.xctest */,
			);
			name = Products;
			sourceTree = "<group>";
		};
		DF1F9C8427E4BE1500C46E98 /* SwiftUI+Combine */ = {
			isa = PBXGroup;
			children = (
				DF1F9C8527E4BE1500C46E98 /* SwiftUI_CombineApp.swift */,
				DF8BEF8427E9A54C00AF878F /* Commons */,
				DF8BEF7F27E9A4B400AF878F /* Modules */,
				DF1F9C8727E4BE1500C46E98 /* ContentView.swift */,
				DF1F9C8927E4BE1A00C46E98 /* Assets.xcassets */,
				DF1F9C8B27E4BE1A00C46E98 /* Preview Content */,
				DF1F9CC927E4C34E00C46E98 /* TechStackError.swift */,
			);
			path = "SwiftUI+Combine";
			sourceTree = "<group>";
		};
		DF1F9C8B27E4BE1A00C46E98 /* Preview Content */ = {
			isa = PBXGroup;
			children = (
				DF1F9C8C27E4BE1A00C46E98 /* Preview Assets.xcassets */,
			);
			path = "Preview Content";
			sourceTree = "<group>";
		};
		DF1F9C9527E4BE1A00C46E98 /* SwiftUI+CombineTests */ = {
			isa = PBXGroup;
			children = (
				DF1F9C9627E4BE1A00C46E98 /* SwiftUI_CombineTests.swift */,
			);
			path = "SwiftUI+CombineTests";
			sourceTree = "<group>";
		};
		DF1F9C9F27E4BE1A00C46E98 /* SwiftUI+CombineUITests */ = {
			isa = PBXGroup;
			children = (
				DF1F9CA027E4BE1A00C46E98 /* SwiftUI_CombineUITests.swift */,
				DF1F9CA227E4BE1A00C46E98 /* SwiftUI_CombineUITestsLaunchTests.swift */,
			);
			path = "SwiftUI+CombineUITests";
			sourceTree = "<group>";
		};
		DF1F9CAF27E4BE6B00C46E98 /* Network */ = {
			isa = PBXGroup;
			children = (
				DF1F9CBA27E4BE9200C46E98 /* APIConstant.swift */,
				DF1F9CB027E4BE9200C46E98 /* APIService.swift */,
				DF1F9CB827E4BE9200C46E98 /* BaseURLType.swift */,
				DF1F9CB527E4BE9200C46E98 /* CodableMapper.swift */,
				DF1F9CB627E4BE9200C46E98 /* EndPoint.swift */,
				DF1F9CB127E4BE9200C46E98 /* TechStackService.swift */,
				DF1F9CB227E4BE9200C46E98 /* NetworkReachability.swift */,
				DF1F9CB927E4BE9200C46E98 /* URN.swift */,
				DF1F9CB727E4BE9200C46E98 /* XMLMapper.swift */,
				DF8BEF9427E9F44E00AF878F /* ImageLoader.swift */,
				DFAF258427F18F40002B0EF2 /* ImageCache.swift */,
			);
			path = Network;
			sourceTree = "<group>";
		};
		DF1F9CC627E4C0A700C46E98 /* Configuration */ = {
			isa = PBXGroup;
			children = (
				DF1F9CC727E4C0BC00C46E98 /* Configuration.swift */,
			);
			path = Configuration;
			sourceTree = "<group>";
		};
		DF1F9CCB27E4C47300C46E98 /* Extensions */ = {
			isa = PBXGroup;
			children = (
				DF1F9CCC27E4C48900C46E98 /* String+Extension.swift */,
				DF1F9CCE27E4C59200C46E98 /* Error+Extension.swift */,
			);
			path = Extensions;
			sourceTree = "<group>";
		};
		DF8BEF7F27E9A4B400AF878F /* Modules */ = {
			isa = PBXGroup;
			children = (
				DF8BEF8027E9A4BC00AF878F /* Breeds */,
			);
			path = Modules;
			sourceTree = "<group>";
		};
		DF8BEF8027E9A4BC00AF878F /* Breeds */ = {
			isa = PBXGroup;
			children = (
				DF8BEF8327E9A52F00AF878F /* View */,
				DF8BEF8227E9A4FC00AF878F /* ViewModel */,
				DF8BEF8127E9A4DE00AF878F /* Model */,
			);
			path = Breeds;
			sourceTree = "<group>";
		};
		DF8BEF8127E9A4DE00AF878F /* Model */ = {
			isa = PBXGroup;
			children = (
				DF8BEF7B27E997C100AF878F /* Breed.swift */,
				DF8BEF7D27E99D0600AF878F /* BreedImage.swift */,
			);
			path = Model;
			sourceTree = "<group>";
		};
		DF8BEF8227E9A4FC00AF878F /* ViewModel */ = {
			isa = PBXGroup;
			children = (
				DF8BEF7927E996C100AF878F /* BreedFetcher.swift */,
			);
			path = ViewModel;
			sourceTree = "<group>";
		};
		DF8BEF8327E9A52F00AF878F /* View */ = {
			isa = PBXGroup;
			children = (
				DF8BEF8927E9A5AB00AF878F /* BreedScreenView.swift */,
				DF8BEF8B27E9A6EA00AF878F /* BreedListView.swift */,
				DF8BEF8E27E9CBB700AF878F /* BreedView.swift */,
				DF8BEF9027E9D98100AF878F /* BreedDetailView.swift */,
			);
			path = View;
			sourceTree = "<group>";
		};
		DF8BEF8427E9A54C00AF878F /* Commons */ = {
			isa = PBXGroup;
			children = (
				DF1F9CCB27E4C47300C46E98 /* Extensions */,
				DF1F9CC627E4C0A700C46E98 /* Configuration */,
				DF1F9CAF27E4BE6B00C46E98 /* Network */,
				DF8BEF8D27E9A74A00AF878F /* Views */,
			);
			path = Commons;
			sourceTree = "<group>";
		};
		DF8BEF8D27E9A74A00AF878F /* Views */ = {
			isa = PBXGroup;
			children = (
				DF4D558527F17FE700E5B3E1 /* AsyncImage.swift */,
				DF8BEF8527E9A57700AF878F /* TechStackErrorView.swift */,
				DF8BEF8727E9A58F00AF878F /* TechStackLoadingView.swift */,
			);
			path = Views;
			sourceTree = "<group>";
		};
/* End PBXGroup section */

/* Begin PBXNativeTarget section */
		DF1F9C8127E4BE1500C46E98 /* SwiftUI+Combine */ = {
			isa = PBXNativeTarget;
			buildConfigurationList = DF1F9CA627E4BE1A00C46E98 /* Build configuration list for PBXNativeTarget "SwiftUI+Combine" */;
			buildPhases = (
				DF1F9C7E27E4BE1500C46E98 /* Sources */,
				DF1F9C7F27E4BE1500C46E98 /* Frameworks */,
				DF1F9C8027E4BE1500C46E98 /* Resources */,
			);
			buildRules = (
			);
			dependencies = (
			);
			name = "SwiftUI+Combine";
			productName = "SwiftUI+Combine";
			productReference = DF1F9C8227E4BE1500C46E98 /* SwiftUI+Combine.app */;
			productType = "com.apple.product-type.application";
		};
		DF1F9C9127E4BE1A00C46E98 /* SwiftUI+CombineTests */ = {
			isa = PBXNativeTarget;
			buildConfigurationList = DF1F9CA927E4BE1A00C46E98 /* Build configuration list for PBXNativeTarget "SwiftUI+CombineTests" */;
			buildPhases = (
				DF1F9C8E27E4BE1A00C46E98 /* Sources */,
				DF1F9C8F27E4BE1A00C46E98 /* Frameworks */,
				DF1F9C9027E4BE1A00C46E98 /* Resources */,
			);
			buildRules = (
			);
			dependencies = (
				DF1F9C9427E4BE1A00C46E98 /* PBXTargetDependency */,
			);
			name = "SwiftUI+CombineTests";
			productName = "SwiftUI+CombineTests";
			productReference = DF1F9C9227E4BE1A00C46E98 /* SwiftUI+CombineTests.xctest */;
			productType = "com.apple.product-type.bundle.unit-test";
		};
		DF1F9C9B27E4BE1A00C46E98 /* SwiftUI+CombineUITests */ = {
			isa = PBXNativeTarget;
			buildConfigurationList = DF1F9CAC27E4BE1A00C46E98 /* Build configuration list for PBXNativeTarget "SwiftUI+CombineUITests" */;
			buildPhases = (
				DF1F9C9827E4BE1A00C46E98 /* Sources */,
				DF1F9C9927E4BE1A00C46E98 /* Frameworks */,
				DF1F9C9A27E4BE1A00C46E98 /* Resources */,
			);
			buildRules = (
			);
			dependencies = (
				DF1F9C9E27E4BE1A00C46E98 /* PBXTargetDependency */,
			);
			name = "SwiftUI+CombineUITests";
			productName = "SwiftUI+CombineUITests";
			productReference = DF1F9C9C27E4BE1A00C46E98 /* SwiftUI+CombineUITests.xctest */;
			productType = "com.apple.product-type.bundle.ui-testing";
		};
/* End PBXNativeTarget section */

/* Begin PBXProject section */
		DF1F9C7A27E4BE1500C46E98 /* Project object */ = {
			isa = PBXProject;
			attributes = {
				BuildIndependentTargetsInParallel = 1;
				LastSwiftUpdateCheck = 1310;
				LastUpgradeCheck = 1310;
				TargetAttributes = {
					DF1F9C8127E4BE1500C46E98 = {
						CreatedOnToolsVersion = 13.1;
					};
					DF1F9C9127E4BE1A00C46E98 = {
						CreatedOnToolsVersion = 13.1;
						TestTargetID = DF1F9C8127E4BE1500C46E98;
					};
					DF1F9C9B27E4BE1A00C46E98 = {
						CreatedOnToolsVersion = 13.1;
						TestTargetID = DF1F9C8127E4BE1500C46E98;
					};
				};
			};
			buildConfigurationList = DF1F9C7D27E4BE1500C46E98 /* Build configuration list for PBXProject "SwiftUI+Combine" */;
			compatibilityVersion = "Xcode 13.0";
			developmentRegion = en;
			hasScannedForEncodings = 0;
			knownRegions = (
				en,
				Base,
			);
			mainGroup = DF1F9C7927E4BE1500C46E98;
			productRefGroup = DF1F9C8327E4BE1500C46E98 /* Products */;
			projectDirPath = "";
			projectRoot = "";
			targets = (
				DF1F9C8127E4BE1500C46E98 /* SwiftUI+Combine */,
				DF1F9C9127E4BE1A00C46E98 /* SwiftUI+CombineTests */,
				DF1F9C9B27E4BE1A00C46E98 /* SwiftUI+CombineUITests */,
			);
		};
/* End PBXProject section */

/* Begin PBXResourcesBuildPhase section */
		DF1F9C8027E4BE1500C46E98 /* Resources */ = {
			isa = PBXResourcesBuildPhase;
			buildActionMask = 2147483647;
			files = (
				DF1F9C8D27E4BE1A00C46E98 /* Preview Assets.xcassets in Resources */,
				DF1F9C8A27E4BE1A00C46E98 /* Assets.xcassets in Resources */,
			);
			runOnlyForDeploymentPostprocessing = 0;
		};
		DF1F9C9027E4BE1A00C46E98 /* Resources */ = {
			isa = PBXResourcesBuildPhase;
			buildActionMask = 2147483647;
			files = (
			);
			runOnlyForDeploymentPostprocessing = 0;
		};
		DF1F9C9A27E4BE1A00C46E98 /* Resources */ = {
			isa = PBXResourcesBuildPhase;
			buildActionMask = 2147483647;
			files = (
			);
			runOnlyForDeploymentPostprocessing = 0;
		};
/* End PBXResourcesBuildPhase section */

/* Begin PBXSourcesBuildPhase section */
		DF1F9C7E27E4BE1500C46E98 /* Sources */ = {
			isa = PBXSourcesBuildPhase;
			buildActionMask = 2147483647;
			files = (
				DF8BEF8F27E9CBB700AF878F /* BreedView.swift in Sources */,
				DF4D558627F17FE700E5B3E1 /* AsyncImage.swift in Sources */,
				DF8BEF7E27E99D0600AF878F /* BreedImage.swift in Sources */,
				DF8BEF7A27E996C100AF878F /* BreedFetcher.swift in Sources */,
				DF1F9CC227E4BE9200C46E98 /* XMLMapper.swift in Sources */,
				DF8BEF8627E9A57700AF878F /* TechStackErrorView.swift in Sources */,
				DF1F9CC827E4C0BC00C46E98 /* Configuration.swift in Sources */,
				DF1F9CCA27E4C34E00C46E98 /* TechStackError.swift in Sources */,
				DF1F9C8827E4BE1500C46E98 /* ContentView.swift in Sources */,
				DF1F9CCF27E4C59200C46E98 /* Error+Extension.swift in Sources */,
				DF1F9CC327E4BE9200C46E98 /* BaseURLType.swift in Sources */,
				DF1F9CC527E4BE9200C46E98 /* APIConstant.swift in Sources */,
				DFAF258527F18F40002B0EF2 /* ImageCache.swift in Sources */,
				DF1F9CC427E4BE9200C46E98 /* URN.swift in Sources */,
				DF8BEF9527E9F44E00AF878F /* ImageLoader.swift in Sources */,
				DF1F9CC127E4BE9200C46E98 /* EndPoint.swift in Sources */,
				DF8BEF8827E9A58F00AF878F /* TechStackLoadingView.swift in Sources */,
				DF1F9CCD27E4C48900C46E98 /* String+Extension.swift in Sources */,
				DF1F9CBB27E4BE9200C46E98 /* APIService.swift in Sources */,
				DF8BEF9127E9D98100AF878F /* BreedDetailView.swift in Sources */,
				DF1F9C8627E4BE1500C46E98 /* SwiftUI_CombineApp.swift in Sources */,
				DF8BEF8A27E9A5AB00AF878F /* BreedScreenView.swift in Sources */,
				DF8BEF8C27E9A6EA00AF878F /* BreedListView.swift in Sources */,
				DF1F9CC027E4BE9200C46E98 /* CodableMapper.swift in Sources */,
				DF8BEF7C27E997C100AF878F /* Breed.swift in Sources */,
				DF1F9CBC27E4BE9200C46E98 /* TechStackService.swift in Sources */,
				DF1F9CBD27E4BE9200C46E98 /* NetworkReachability.swift in Sources */,
			);
			runOnlyForDeploymentPostprocessing = 0;
		};
		DF1F9C8E27E4BE1A00C46E98 /* Sources */ = {
			isa = PBXSourcesBuildPhase;
			buildActionMask = 2147483647;
			files = (
				DF1F9C9727E4BE1A00C46E98 /* SwiftUI_CombineTests.swift in Sources */,
			);
			runOnlyForDeploymentPostprocessing = 0;
		};
		DF1F9C9827E4BE1A00C46E98 /* Sources */ = {
			isa = PBXSourcesBuildPhase;
			buildActionMask = 2147483647;
			files = (
				DF1F9CA327E4BE1A00C46E98 /* SwiftUI_CombineUITestsLaunchTests.swift in Sources */,
				DF1F9CA127E4BE1A00C46E98 /* SwiftUI_CombineUITests.swift in Sources */,
			);
			runOnlyForDeploymentPostprocessing = 0;
		};
/* End PBXSourcesBuildPhase section */

/* Begin PBXTargetDependency section */
		DF1F9C9427E4BE1A00C46E98 /* PBXTargetDependency */ = {
			isa = PBXTargetDependency;
			target = DF1F9C8127E4BE1500C46E98 /* SwiftUI+Combine */;
			targetProxy = DF1F9C9327E4BE1A00C46E98 /* PBXContainerItemProxy */;
		};
		DF1F9C9E27E4BE1A00C46E98 /* PBXTargetDependency */ = {
			isa = PBXTargetDependency;
			target = DF1F9C8127E4BE1500C46E98 /* SwiftUI+Combine */;
			targetProxy = DF1F9C9D27E4BE1A00C46E98 /* PBXContainerItemProxy */;
		};
/* End PBXTargetDependency section */

/* Begin XCBuildConfiguration section */
		DF1F9CA427E4BE1A00C46E98 /* Debug */ = {
			isa = XCBuildConfiguration;
			buildSettings = {
				ALWAYS_SEARCH_USER_PATHS = NO;
				CLANG_ANALYZER_NONNULL = YES;
				CLANG_ANALYZER_NUMBER_OBJECT_CONVERSION = YES_AGGRESSIVE;
				CLANG_CXX_LANGUAGE_STANDARD = "gnu++17";
				CLANG_CXX_LIBRARY = "libc++";
				CLANG_ENABLE_MODULES = YES;
				CLANG_ENABLE_OBJC_ARC = YES;
				CLANG_ENABLE_OBJC_WEAK = YES;
				CLANG_WARN_BLOCK_CAPTURE_AUTORELEASING = YES;
				CLANG_WARN_BOOL_CONVERSION = YES;
				CLANG_WARN_COMMA = YES;
				CLANG_WARN_CONSTANT_CONVERSION = YES;
				CLANG_WARN_DEPRECATED_OBJC_IMPLEMENTATIONS = YES;
				CLANG_WARN_DIRECT_OBJC_ISA_USAGE = YES_ERROR;
				CLANG_WARN_DOCUMENTATION_COMMENTS = YES;
				CLANG_WARN_EMPTY_BODY = YES;
				CLANG_WARN_ENUM_CONVERSION = YES;
				CLANG_WARN_INFINITE_RECURSION = YES;
				CLANG_WARN_INT_CONVERSION = YES;
				CLANG_WARN_NON_LITERAL_NULL_CONVERSION = YES;
				CLANG_WARN_OBJC_IMPLICIT_RETAIN_SELF = YES;
				CLANG_WARN_OBJC_LITERAL_CONVERSION = YES;
				CLANG_WARN_OBJC_ROOT_CLASS = YES_ERROR;
				CLANG_WARN_QUOTED_INCLUDE_IN_FRAMEWORK_HEADER = YES;
				CLANG_WARN_RANGE_LOOP_ANALYSIS = YES;
				CLANG_WARN_STRICT_PROTOTYPES = YES;
				CLANG_WARN_SUSPICIOUS_MOVE = YES;
				CLANG_WARN_UNGUARDED_AVAILABILITY = YES_AGGRESSIVE;
				CLANG_WARN_UNREACHABLE_CODE = YES;
				CLANG_WARN__DUPLICATE_METHOD_MATCH = YES;
				COPY_PHASE_STRIP = NO;
				DEBUG_INFORMATION_FORMAT = dwarf;
				ENABLE_STRICT_OBJC_MSGSEND = YES;
				ENABLE_TESTABILITY = YES;
				GCC_C_LANGUAGE_STANDARD = gnu11;
				GCC_DYNAMIC_NO_PIC = NO;
				GCC_NO_COMMON_BLOCKS = YES;
				GCC_OPTIMIZATION_LEVEL = 0;
				GCC_PREPROCESSOR_DEFINITIONS = (
					"DEBUG=1",
					"$(inherited)",
				);
				GCC_WARN_64_TO_32_BIT_CONVERSION = YES;
				GCC_WARN_ABOUT_RETURN_TYPE = YES_ERROR;
				GCC_WARN_UNDECLARED_SELECTOR = YES;
				GCC_WARN_UNINITIALIZED_AUTOS = YES_AGGRESSIVE;
				GCC_WARN_UNUSED_FUNCTION = YES;
				GCC_WARN_UNUSED_VARIABLE = YES;
				IPHONEOS_DEPLOYMENT_TARGET = 15.0;
				MTL_ENABLE_DEBUG_INFO = INCLUDE_SOURCE;
				MTL_FAST_MATH = YES;
				ONLY_ACTIVE_ARCH = YES;
				SDKROOT = iphoneos;
				SWIFT_ACTIVE_COMPILATION_CONDITIONS = DEBUG;
				SWIFT_OPTIMIZATION_LEVEL = "-Onone";
			};
			name = Debug;
		};
		DF1F9CA527E4BE1A00C46E98 /* Release */ = {
			isa = XCBuildConfiguration;
			buildSettings = {
				ALWAYS_SEARCH_USER_PATHS = NO;
				CLANG_ANALYZER_NONNULL = YES;
				CLANG_ANALYZER_NUMBER_OBJECT_CONVERSION = YES_AGGRESSIVE;
				CLANG_CXX_LANGUAGE_STANDARD = "gnu++17";
				CLANG_CXX_LIBRARY = "libc++";
				CLANG_ENABLE_MODULES = YES;
				CLANG_ENABLE_OBJC_ARC = YES;
				CLANG_ENABLE_OBJC_WEAK = YES;
				CLANG_WARN_BLOCK_CAPTURE_AUTORELEASING = YES;
				CLANG_WARN_BOOL_CONVERSION = YES;
				CLANG_WARN_COMMA = YES;
				CLANG_WARN_CONSTANT_CONVERSION = YES;
				CLANG_WARN_DEPRECATED_OBJC_IMPLEMENTATIONS = YES;
				CLANG_WARN_DIRECT_OBJC_ISA_USAGE = YES_ERROR;
				CLANG_WARN_DOCUMENTATION_COMMENTS = YES;
				CLANG_WARN_EMPTY_BODY = YES;
				CLANG_WARN_ENUM_CONVERSION = YES;
				CLANG_WARN_INFINITE_RECURSION = YES;
				CLANG_WARN_INT_CONVERSION = YES;
				CLANG_WARN_NON_LITERAL_NULL_CONVERSION = YES;
				CLANG_WARN_OBJC_IMPLICIT_RETAIN_SELF = YES;
				CLANG_WARN_OBJC_LITERAL_CONVERSION = YES;
				CLANG_WARN_OBJC_ROOT_CLASS = YES_ERROR;
				CLANG_WARN_QUOTED_INCLUDE_IN_FRAMEWORK_HEADER = YES;
				CLANG_WARN_RANGE_LOOP_ANALYSIS = YES;
				CLANG_WARN_STRICT_PROTOTYPES = YES;
				CLANG_WARN_SUSPICIOUS_MOVE = YES;
				CLANG_WARN_UNGUARDED_AVAILABILITY = YES_AGGRESSIVE;
				CLANG_WARN_UNREACHABLE_CODE = YES;
				CLANG_WARN__DUPLICATE_METHOD_MATCH = YES;
				COPY_PHASE_STRIP = NO;
				DEBUG_INFORMATION_FORMAT = "dwarf-with-dsym";
				ENABLE_NS_ASSERTIONS = NO;
				ENABLE_STRICT_OBJC_MSGSEND = YES;
				GCC_C_LANGUAGE_STANDARD = gnu11;
				GCC_NO_COMMON_BLOCKS = YES;
				GCC_WARN_64_TO_32_BIT_CONVERSION = YES;
				GCC_WARN_ABOUT_RETURN_TYPE = YES_ERROR;
				GCC_WARN_UNDECLARED_SELECTOR = YES;
				GCC_WARN_UNINITIALIZED_AUTOS = YES_AGGRESSIVE;
				GCC_WARN_UNUSED_FUNCTION = YES;
				GCC_WARN_UNUSED_VARIABLE = YES;
				IPHONEOS_DEPLOYMENT_TARGET = 15.0;
				MTL_ENABLE_DEBUG_INFO = NO;
				MTL_FAST_MATH = YES;
				SDKROOT = iphoneos;
				SWIFT_COMPILATION_MODE = wholemodule;
				SWIFT_OPTIMIZATION_LEVEL = "-O";
				VALIDATE_PRODUCT = YES;
			};
			name = Release;
		};
		DF1F9CA727E4BE1A00C46E98 /* Debug */ = {
			isa = XCBuildConfiguration;
			buildSettings = {
				ASSETCATALOG_COMPILER_APPICON_NAME = AppIcon;
				ASSETCATALOG_COMPILER_GLOBAL_ACCENT_COLOR_NAME = AccentColor;
				CODE_SIGN_STYLE = Automatic;
				CURRENT_PROJECT_VERSION = 1;
				DEVELOPMENT_ASSET_PATHS = "\"SwiftUI+Combine/Preview Content\"";
				DEVELOPMENT_TEAM = GY8C66TYQJ;
				ENABLE_PREVIEWS = YES;
				GENERATE_INFOPLIST_FILE = YES;
				INFOPLIST_KEY_UIApplicationSceneManifest_Generation = YES;
				INFOPLIST_KEY_UIApplicationSupportsIndirectInputEvents = YES;
				INFOPLIST_KEY_UILaunchScreen_Generation = YES;
				INFOPLIST_KEY_UISupportedInterfaceOrientations_iPad = "UIInterfaceOrientationPortrait UIInterfaceOrientationPortraitUpsideDown UIInterfaceOrientationLandscapeLeft UIInterfaceOrientationLandscapeRight";
				INFOPLIST_KEY_UISupportedInterfaceOrientations_iPhone = "UIInterfaceOrientationPortrait UIInterfaceOrientationLandscapeLeft UIInterfaceOrientationLandscapeRight";
				IPHONEOS_DEPLOYMENT_TARGET = 15.0;
				LD_RUNPATH_SEARCH_PATHS = (
					"$(inherited)",
					"@executable_path/Frameworks",
				);
				MARKETING_VERSION = 1.0;
				PRODUCT_BUNDLE_IDENTIFIER = "com.techstack.SwiftUI-Combine";
				PRODUCT_NAME = "$(TARGET_NAME)";
				SWIFT_EMIT_LOC_STRINGS = YES;
				SWIFT_VERSION = 5.0;
				TARGETED_DEVICE_FAMILY = "1,2";
			};
			name = Debug;
		};
		DF1F9CA827E4BE1A00C46E98 /* Release */ = {
			isa = XCBuildConfiguration;
			buildSettings = {
				ASSETCATALOG_COMPILER_APPICON_NAME = AppIcon;
				ASSETCATALOG_COMPILER_GLOBAL_ACCENT_COLOR_NAME = AccentColor;
				CODE_SIGN_STYLE = Automatic;
				CURRENT_PROJECT_VERSION = 1;
				DEVELOPMENT_ASSET_PATHS = "\"SwiftUI+Combine/Preview Content\"";
				DEVELOPMENT_TEAM = GY8C66TYQJ;
				ENABLE_PREVIEWS = YES;
				GENERATE_INFOPLIST_FILE = YES;
				INFOPLIST_KEY_UIApplicationSceneManifest_Generation = YES;
				INFOPLIST_KEY_UIApplicationSupportsIndirectInputEvents = YES;
				INFOPLIST_KEY_UILaunchScreen_Generation = YES;
				INFOPLIST_KEY_UISupportedInterfaceOrientations_iPad = "UIInterfaceOrientationPortrait UIInterfaceOrientationPortraitUpsideDown UIInterfaceOrientationLandscapeLeft UIInterfaceOrientationLandscapeRight";
				INFOPLIST_KEY_UISupportedInterfaceOrientations_iPhone = "UIInterfaceOrientationPortrait UIInterfaceOrientationLandscapeLeft UIInterfaceOrientationLandscapeRight";
				IPHONEOS_DEPLOYMENT_TARGET = 15.0;
				LD_RUNPATH_SEARCH_PATHS = (
					"$(inherited)",
					"@executable_path/Frameworks",
				);
				MARKETING_VERSION = 1.0;
				PRODUCT_BUNDLE_IDENTIFIER = "com.techstack.SwiftUI-Combine";
				PRODUCT_NAME = "$(TARGET_NAME)";
				SWIFT_EMIT_LOC_STRINGS = YES;
				SWIFT_VERSION = 5.0;
				TARGETED_DEVICE_FAMILY = "1,2";
			};
			name = Release;
		};
		DF1F9CAA27E4BE1A00C46E98 /* Debug */ = {
			isa = XCBuildConfiguration;
			buildSettings = {
				ALWAYS_EMBED_SWIFT_STANDARD_LIBRARIES = YES;
				BUNDLE_LOADER = "$(TEST_HOST)";
				CODE_SIGN_STYLE = Automatic;
				CURRENT_PROJECT_VERSION = 1;
				DEVELOPMENT_TEAM = GY8C66TYQJ;
				GENERATE_INFOPLIST_FILE = YES;
				IPHONEOS_DEPLOYMENT_TARGET = 15.0;
				LD_RUNPATH_SEARCH_PATHS = (
					"$(inherited)",
					"@executable_path/Frameworks",
					"@loader_path/Frameworks",
				);
				MARKETING_VERSION = 1.0;
				PRODUCT_BUNDLE_IDENTIFIER = "com.techstack.SwiftUI-CombineTests";
				PRODUCT_NAME = "$(TARGET_NAME)";
				SWIFT_EMIT_LOC_STRINGS = NO;
				SWIFT_VERSION = 5.0;
				TARGETED_DEVICE_FAMILY = "1,2";
				TEST_HOST = "$(BUILT_PRODUCTS_DIR)/SwiftUI+Combine.app/SwiftUI+Combine";
			};
			name = Debug;
		};
		DF1F9CAB27E4BE1A00C46E98 /* Release */ = {
			isa = XCBuildConfiguration;
			buildSettings = {
				ALWAYS_EMBED_SWIFT_STANDARD_LIBRARIES = YES;
				BUNDLE_LOADER = "$(TEST_HOST)";
				CODE_SIGN_STYLE = Automatic;
				CURRENT_PROJECT_VERSION = 1;
				DEVELOPMENT_TEAM = GY8C66TYQJ;
				GENERATE_INFOPLIST_FILE = YES;
				IPHONEOS_DEPLOYMENT_TARGET = 15.0;
				LD_RUNPATH_SEARCH_PATHS = (
					"$(inherited)",
					"@executable_path/Frameworks",
					"@loader_path/Frameworks",
				);
				MARKETING_VERSION = 1.0;
				PRODUCT_BUNDLE_IDENTIFIER = "com.techstack.SwiftUI-CombineTests";
				PRODUCT_NAME = "$(TARGET_NAME)";
				SWIFT_EMIT_LOC_STRINGS = NO;
				SWIFT_VERSION = 5.0;
				TARGETED_DEVICE_FAMILY = "1,2";
				TEST_HOST = "$(BUILT_PRODUCTS_DIR)/SwiftUI+Combine.app/SwiftUI+Combine";
			};
			name = Release;
		};
		DF1F9CAD27E4BE1A00C46E98 /* Debug */ = {
			isa = XCBuildConfiguration;
			buildSettings = {
				ALWAYS_EMBED_SWIFT_STANDARD_LIBRARIES = YES;
				CODE_SIGN_STYLE = Automatic;
				CURRENT_PROJECT_VERSION = 1;
				DEVELOPMENT_TEAM = GY8C66TYQJ;
				GENERATE_INFOPLIST_FILE = YES;
				LD_RUNPATH_SEARCH_PATHS = (
					"$(inherited)",
					"@executable_path/Frameworks",
					"@loader_path/Frameworks",
				);
				MARKETING_VERSION = 1.0;
				PRODUCT_BUNDLE_IDENTIFIER = "com.techstack.SwiftUI-CombineUITests";
				PRODUCT_NAME = "$(TARGET_NAME)";
				SWIFT_EMIT_LOC_STRINGS = NO;
				SWIFT_VERSION = 5.0;
				TARGETED_DEVICE_FAMILY = "1,2";
				TEST_TARGET_NAME = "SwiftUI+Combine";
			};
			name = Debug;
		};
		DF1F9CAE27E4BE1A00C46E98 /* Release */ = {
			isa = XCBuildConfiguration;
			buildSettings = {
				ALWAYS_EMBED_SWIFT_STANDARD_LIBRARIES = YES;
				CODE_SIGN_STYLE = Automatic;
				CURRENT_PROJECT_VERSION = 1;
				DEVELOPMENT_TEAM = GY8C66TYQJ;
				GENERATE_INFOPLIST_FILE = YES;
				LD_RUNPATH_SEARCH_PATHS = (
					"$(inherited)",
					"@executable_path/Frameworks",
					"@loader_path/Frameworks",
				);
				MARKETING_VERSION = 1.0;
				PRODUCT_BUNDLE_IDENTIFIER = "com.techstack.SwiftUI-CombineUITests";
				PRODUCT_NAME = "$(TARGET_NAME)";
				SWIFT_EMIT_LOC_STRINGS = NO;
				SWIFT_VERSION = 5.0;
				TARGETED_DEVICE_FAMILY = "1,2";
				TEST_TARGET_NAME = "SwiftUI+Combine";
			};
			name = Release;
		};
/* End XCBuildConfiguration section */

/* Begin XCConfigurationList section */
		DF1F9C7D27E4BE1500C46E98 /* Build configuration list for PBXProject "SwiftUI+Combine" */ = {
			isa = XCConfigurationList;
			buildConfigurations = (
				DF1F9CA427E4BE1A00C46E98 /* Debug */,
				DF1F9CA527E4BE1A00C46E98 /* Release */,
			);
			defaultConfigurationIsVisible = 0;
			defaultConfigurationName = Release;
		};
		DF1F9CA627E4BE1A00C46E98 /* Build configuration list for PBXNativeTarget "SwiftUI+Combine" */ = {
			isa = XCConfigurationList;
			buildConfigurations = (
				DF1F9CA727E4BE1A00C46E98 /* Debug */,
				DF1F9CA827E4BE1A00C46E98 /* Release */,
			);
			defaultConfigurationIsVisible = 0;
			defaultConfigurationName = Release;
		};
		DF1F9CA927E4BE1A00C46E98 /* Build configuration list for PBXNativeTarget "SwiftUI+CombineTests" */ = {
			isa = XCConfigurationList;
			buildConfigurations = (
				DF1F9CAA27E4BE1A00C46E98 /* Debug */,
				DF1F9CAB27E4BE1A00C46E98 /* Release */,
			);
			defaultConfigurationIsVisible = 0;
			defaultConfigurationName = Release;
		};
		DF1F9CAC27E4BE1A00C46E98 /* Build configuration list for PBXNativeTarget "SwiftUI+CombineUITests" */ = {
			isa = XCConfigurationList;
			buildConfigurations = (
				DF1F9CAD27E4BE1A00C46E98 /* Debug */,
				DF1F9CAE27E4BE1A00C46E98 /* Release */,
			);
			defaultConfigurationIsVisible = 0;
			defaultConfigurationName = Release;
		};
/* End XCConfigurationList section */
	};
	rootObject = DF1F9C7A27E4BE1500C46E98 /* Project object */;
}
